
Microsoft Visual Studio Solution File, Format Version 12.00
# Visual Studio Version 17
VisualStudioVersion = 17.8.34330.188
MinimumVisualStudioVersion = 10.0.40219.1
Project("{FAE04EC0-301F-11D3-BF4B-00C04F79EFBC}") = "BlazorGlobalization", "BlazorGlobalization\BlazorGlobalization.csproj", "{D6336F6C-A59B-4780-BA5B-510D226A80E2}"
EndProject
Global
	GlobalSection(SolutionConfigurationPlatforms) = preSolution
		Debug|Any CPU = Debug|Any CPU
		Release|Any CPU = Release|Any CPU
	EndGlobalSection
	GlobalSection(ProjectConfigurationPlatforms) = postSolution
		{D6336F6C-A59B-4780-BA5B-510D226A80E2}.Debug|Any CPU.ActiveCfg = Debug|Any CPU
		{D6336F6C-A59B-4780-BA5B-510D226A80E2}.Debug|Any CPU.Build.0 = Debug|Any CPU
		{D6336F6C-A59B-4780-BA5B-510D226A80E2}.Release|Any CPU.ActiveCfg = Release|Any CPU
		{D6336F6C-A59B-4780-BA5B-510D226A80E2}.Release|Any CPU.Build.0 = Release|Any CPU
	EndGlobalSection
	GlobalSection(SolutionProperties) = preSolution
		HideSolutionNode = FALSE
	EndGlobalSection
	GlobalSection(ExtensibilityGlobals) = postSolution
		SolutionGuid = {5B10C373-7407-49FB-B511-2B563EFC383B}
	EndGlobalSection
EndGlobal
